
Microsoft Visual Studio Solution File, Format Version 12.00
# Visual Studio Version 17
VisualStudioVersion = 17.5.002.0
MinimumVisualStudioVersion = 10.0.40219.1
Project("{9A19103F-16F7-4668-BE54-9A1E7A4F7556}") = "BookReviewsAPI", "BookReviewsAPI\BookReviewsAPI.csproj", "{B8A7636A-7E67-49A1-AC2F-9279AB3C8856}"
EndProject
Project("{9A19103F-16F7-4668-BE54-9A1E7A4F7556}") = "BookReviewsAPI.Tests", "BookReviewsAPI.Tests\BookReviewsAPI.Tests.csproj", "{B5092713-2954-491C-ADC4-0BB3B9D38245}"
EndProject
Global
	GlobalSection(SolutionConfigurationPlatforms) = preSolution
		Debug|Any CPU = Debug|Any CPU
		Release|Any CPU = Release|Any CPU
	EndGlobalSection
	GlobalSection(ProjectConfigurationPlatforms) = postSolution
		{B8A7636A-7E67-49A1-AC2F-9279AB3C8856}.Debug|Any CPU.ActiveCfg = Debug|Any CPU
		{B8A7636A-7E67-49A1-AC2F-9279AB3C8856}.Debug|Any CPU.Build.0 = Debug|Any CPU
		{B8A7636A-7E67-49A1-AC2F-9279AB3C8856}.Release|Any CPU.ActiveCfg = Release|Any CPU
		{B8A7636A-7E67-49A1-AC2F-9279AB3C8856}.Release|Any CPU.Build.0 = Release|Any CPU
		{B5092713-2954-491C-ADC4-0BB3B9D38245}.Debug|Any CPU.ActiveCfg = Debug|Any CPU
		{B5092713-2954-491C-ADC4-0BB3B9D38245}.Debug|Any CPU.Build.0 = Debug|Any CPU
		{B5092713-2954-491C-ADC4-0BB3B9D38245}.Release|Any CPU.ActiveCfg = Release|Any CPU
		{B5092713-2954-491C-ADC4-0BB3B9D38245}.Release|Any CPU.Build.0 = Release|Any CPU
	EndGlobalSection
	GlobalSection(SolutionProperties) = preSolution
		HideSolutionNode = FALSE
	EndGlobalSection
	GlobalSection(ExtensibilityGlobals) = postSolution
		SolutionGuid = {EB74BE56-8CE0-49BA-AB2D-84F937DB3095}
	EndGlobalSection
EndGlobal
